
Microsoft Visual Studio Solution File, Format Version 12.00
# Visual Studio Version 16
VisualStudioVersion = 16.0.31402.337
MinimumVisualStudioVersion = 10.0.40219.1
Project("{888888A0-9F3D-457C-B088-3A5042F75D52}") = "Logician", "Logician\Logician.pyproj", "{8DA09F3E-D288-486F-AC11-9B259A86913F}"
EndProject
Global
	GlobalSection(SolutionConfigurationPlatforms) = preSolution
		Debug|Any CPU = Debug|Any CPU
		Release|Any CPU = Release|Any CPU
	EndGlobalSection
	GlobalSection(ProjectConfigurationPlatforms) = postSolution
		{8DA09F3E-D288-486F-AC11-9B259A86913F}.Debug|Any CPU.ActiveCfg = Debug|Any CPU
		{8DA09F3E-D288-486F-AC11-9B259A86913F}.Release|Any CPU.ActiveCfg = Release|Any CPU
	EndGlobalSection
	GlobalSection(SolutionProperties) = preSolution
		HideSolutionNode = FALSE
	EndGlobalSection
	GlobalSection(ExtensibilityGlobals) = postSolution
		SolutionGuid = {F8EAA39A-06C8-46BB-9126-C7EEB7F13D6F}
	EndGlobalSection
EndGlobal
